
Microsoft Visual Studio Solution File, Format Version 12.00
# Visual Studio Version 16
VisualStudioVersion = 16.0.29411.108
MinimumVisualStudioVersion = 10.0.40219.1
Project("{FAE04EC0-301F-11D3-BF4B-00C04F79EFBC}") = "isFCAwf", "isFCAwf\isFCAwf.csproj", "{ABEA835D-7A63-4B7C-8486-281A2677EF5A}"
EndProject
Global
	GlobalSection(SolutionConfigurationPlatforms) = preSolution
		Debug|Any CPU = Debug|Any CPU
		Release|Any CPU = Release|Any CPU
	EndGlobalSection
	GlobalSection(ProjectConfigurationPlatforms) = postSolution
		{ABEA835D-7A63-4B7C-8486-281A2677EF5A}.Debug|Any CPU.ActiveCfg = Debug|Any CPU
		{ABEA835D-7A63-4B7C-8486-281A2677EF5A}.Debug|Any CPU.Build.0 = Debug|Any CPU
		{ABEA835D-7A63-4B7C-8486-281A2677EF5A}.Release|Any CPU.ActiveCfg = Release|Any CPU
		{ABEA835D-7A63-4B7C-8486-281A2677EF5A}.Release|Any CPU.Build.0 = Release|Any CPU
	EndGlobalSection
	GlobalSection(SolutionProperties) = preSolution
		HideSolutionNode = FALSE
	EndGlobalSection
	GlobalSection(ExtensibilityGlobals) = postSolution
		SolutionGuid = {0CE7918A-3EC8-4368-833B-EEC54DDA7942}
	EndGlobalSection
EndGlobal
